
Microsoft Visual Studio Solution File, Format Version 12.00
# Visual Studio Version 16
VisualStudioVersion = 16.0.30406.217
MinimumVisualStudioVersion = 10.0.40219.1
Project("{2150E333-8FDC-42A3-9474-1A3956D46DE8}") = "Domain", "Domain", "{B2C11A99-E4BB-4363-A112-672BE6F0878B}"
EndProject
Project("{2150E333-8FDC-42A3-9474-1A3956D46DE8}") = "DataStore", "DataStore", "{3310B73B-A320-4D43-951E-EE354B318E17}"
EndProject
Project("{2150E333-8FDC-42A3-9474-1A3956D46DE8}") = "API", "API", "{8A9B7D53-086F-4FE1-AD78-BDC2CB707B3F}"
EndProject
Project("{2150E333-8FDC-42A3-9474-1A3956D46DE8}") = "DTO", "DTO", "{6ECED511-A04F-421E-ADF3-784052F5A5AF}"
EndProject
Project("{9A19103F-16F7-4668-BE54-9A1E7A4F7556}") = "XYZCorp.ParkingLot.DTO", "XYZCorp.ParkingLot.DTO\XYZCorp.ParkingLot.DTO.csproj", "{B40A3331-A160-4FAC-8E62-26B43F5155D5}"
EndProject
Project("{9A19103F-16F7-4668-BE54-9A1E7A4F7556}") = "XYZCorp.ParkingLot.Domain", "XYZCorp.ParkingLot.Domain\XYZCorp.ParkingLot.Domain.csproj", "{22492180-1A97-4B4A-80F3-AB973B862FEA}"
EndProject
Project("{9A19103F-16F7-4668-BE54-9A1E7A4F7556}") = "XYZCorp.ParkingLot.DataStore", "XYZCorp.ParkingLot.DataStore\XYZCorp.ParkingLot.DataStore.csproj", "{4273DDC1-F62F-41F0-BC9E-001A8049E00B}"
EndProject
Project("{9A19103F-16F7-4668-BE54-9A1E7A4F7556}") = "AYZCorp.ParkingLot.API", "AYZCorp.ParkingLot.API\AYZCorp.ParkingLot.API.csproj", "{777AEBBB-4565-4175-B95A-2C804E4D8BF5}"
EndProject
Project("{2150E333-8FDC-42A3-9474-1A3956D46DE8}") = "BusinessLogic", "BusinessLogic", "{7DA86516-E212-4865-9559-5750924452AB}"
EndProject
Project("{9A19103F-16F7-4668-BE54-9A1E7A4F7556}") = "XYZCorp.ParkingLot.DataStore.SQL", "XYZCorp.ParkingLot.DataStore.SQL\XYZCorp.ParkingLot.DataStore.SQL.csproj", "{83C06E4C-19DC-4CBE-9C3A-7C4D1A91F388}"
EndProject
Project("{9A19103F-16F7-4668-BE54-9A1E7A4F7556}") = "XYZCorp.ParkingLot.BusinessLogic", "XYZCorp.ParkingLot.Logic\XYZCorp.ParkingLot.BusinessLogic.csproj", "{8B9FF62E-A8D2-425C-91CD-7F9C9A452557}"
EndProject
Project("{2150E333-8FDC-42A3-9474-1A3956D46DE8}") = "Utilities", "Utilities", "{11434875-9E2F-438C-9553-B177287F4A36}"
EndProject
Project("{9A19103F-16F7-4668-BE54-9A1E7A4F7556}") = "XYZCorp.ParkingLot.Utilities", "XYZCorp.ParkingLot.Utilities\XYZCorp.ParkingLot.Utilities.csproj", "{FD5F41C4-2C39-467E-A943-15CCD72133DE}"
EndProject
Global
	GlobalSection(SolutionConfigurationPlatforms) = preSolution
		Debug|Any CPU = Debug|Any CPU
		Release|Any CPU = Release|Any CPU
	EndGlobalSection
	GlobalSection(ProjectConfigurationPlatforms) = postSolution
		{B40A3331-A160-4FAC-8E62-26B43F5155D5}.Debug|Any CPU.ActiveCfg = Debug|Any CPU
		{B40A3331-A160-4FAC-8E62-26B43F5155D5}.Debug|Any CPU.Build.0 = Debug|Any CPU
		{B40A3331-A160-4FAC-8E62-26B43F5155D5}.Release|Any CPU.ActiveCfg = Release|Any CPU
		{B40A3331-A160-4FAC-8E62-26B43F5155D5}.Release|Any CPU.Build.0 = Release|Any CPU
		{22492180-1A97-4B4A-80F3-AB973B862FEA}.Debug|Any CPU.ActiveCfg = Debug|Any CPU
		{22492180-1A97-4B4A-80F3-AB973B862FEA}.Debug|Any CPU.Build.0 = Debug|Any CPU
		{22492180-1A97-4B4A-80F3-AB973B862FEA}.Release|Any CPU.ActiveCfg = Release|Any CPU
		{22492180-1A97-4B4A-80F3-AB973B862FEA}.Release|Any CPU.Build.0 = Release|Any CPU
		{4273DDC1-F62F-41F0-BC9E-001A8049E00B}.Debug|Any CPU.ActiveCfg = Debug|Any CPU
		{4273DDC1-F62F-41F0-BC9E-001A8049E00B}.Debug|Any CPU.Build.0 = Debug|Any CPU
		{4273DDC1-F62F-41F0-BC9E-001A8049E00B}.Release|Any CPU.ActiveCfg = Release|Any CPU
		{4273DDC1-F62F-41F0-BC9E-001A8049E00B}.Release|Any CPU.Build.0 = Release|Any CPU
		{777AEBBB-4565-4175-B95A-2C804E4D8BF5}.Debug|Any CPU.ActiveCfg = Debug|Any CPU
		{777AEBBB-4565-4175-B95A-2C804E4D8BF5}.Debug|Any CPU.Build.0 = Debug|Any CPU
		{777AEBBB-4565-4175-B95A-2C804E4D8BF5}.Release|Any CPU.ActiveCfg = Release|Any CPU
		{777AEBBB-4565-4175-B95A-2C804E4D8BF5}.Release|Any CPU.Build.0 = Release|Any CPU
		{83C06E4C-19DC-4CBE-9C3A-7C4D1A91F388}.Debug|Any CPU.ActiveCfg = Debug|Any CPU
		{83C06E4C-19DC-4CBE-9C3A-7C4D1A91F388}.Debug|Any CPU.Build.0 = Debug|Any CPU
		{83C06E4C-19DC-4CBE-9C3A-7C4D1A91F388}.Release|Any CPU.ActiveCfg = Release|Any CPU
		{83C06E4C-19DC-4CBE-9C3A-7C4D1A91F388}.Release|Any CPU.Build.0 = Release|Any CPU
		{8B9FF62E-A8D2-425C-91CD-7F9C9A452557}.Debug|Any CPU.ActiveCfg = Debug|Any CPU
		{8B9FF62E-A8D2-425C-91CD-7F9C9A452557}.Debug|Any CPU.Build.0 = Debug|Any CPU
		{8B9FF62E-A8D2-425C-91CD-7F9C9A452557}.Release|Any CPU.ActiveCfg = Release|Any CPU
		{8B9FF62E-A8D2-425C-91CD-7F9C9A452557}.Release|Any CPU.Build.0 = Release|Any CPU
		{FD5F41C4-2C39-467E-A943-15CCD72133DE}.Debug|Any CPU.ActiveCfg = Debug|Any CPU
		{FD5F41C4-2C39-467E-A943-15CCD72133DE}.Debug|Any CPU.Build.0 = Debug|Any CPU
		{FD5F41C4-2C39-467E-A943-15CCD72133DE}.Release|Any CPU.ActiveCfg = Release|Any CPU
		{FD5F41C4-2C39-467E-A943-15CCD72133DE}.Release|Any CPU.Build.0 = Release|Any CPU
	EndGlobalSection
	GlobalSection(SolutionProperties) = preSolution
		HideSolutionNode = FALSE
	EndGlobalSection
	GlobalSection(NestedProjects) = preSolution
		{B40A3331-A160-4FAC-8E62-26B43F5155D5} = {6ECED511-A04F-421E-ADF3-784052F5A5AF}
		{22492180-1A97-4B4A-80F3-AB973B862FEA} = {B2C11A99-E4BB-4363-A112-672BE6F0878B}
		{4273DDC1-F62F-41F0-BC9E-001A8049E00B} = {3310B73B-A320-4D43-951E-EE354B318E17}
		{777AEBBB-4565-4175-B95A-2C804E4D8BF5} = {8A9B7D53-086F-4FE1-AD78-BDC2CB707B3F}
		{83C06E4C-19DC-4CBE-9C3A-7C4D1A91F388} = {3310B73B-A320-4D43-951E-EE354B318E17}
		{8B9FF62E-A8D2-425C-91CD-7F9C9A452557} = {7DA86516-E212-4865-9559-5750924452AB}
		{FD5F41C4-2C39-467E-A943-15CCD72133DE} = {11434875-9E2F-438C-9553-B177287F4A36}
	EndGlobalSection
	GlobalSection(ExtensibilityGlobals) = postSolution
		SolutionGuid = {71A3C56A-E717-4BE1-814F-8449A11E246C}
	EndGlobalSection
EndGlobal
